
Microsoft Visual Studio Solution File, Format Version 12.00
# Visual Studio Version 17
VisualStudioVersion = 17.1.32414.318
MinimumVisualStudioVersion = 10.0.40219.1
Project("{2150E333-8FDC-42A3-9474-1A3956D46DE8}") = "01 Documents", "01 Documents", "{2501761A-39A6-44F8-99A3-BE1940DBF373}"
EndProject
Project("{2150E333-8FDC-42A3-9474-1A3956D46DE8}") = "02 Core", "02 Core", "{C839EACF-98C2-427E-A269-125F9A2D9E53}"
EndProject
Project("{2150E333-8FDC-42A3-9474-1A3956D46DE8}") = "03 Infrastructure", "03 Infrastructure", "{044E25FD-D499-4F3E-B754-D8213C70272B}"
EndProject
Project("{9A19103F-16F7-4668-BE54-9A1E7A4F7556}") = "IOSAS.Infrastructure.WebAPI", "IOSAS.Infrastructure.WebAPI\IOSAS.Infrastructure.WebAPI.csproj", "{77B86155-7B40-46D4-8036-6B936B27946D}"
EndProject
Global
	GlobalSection(SolutionConfigurationPlatforms) = preSolution
		Debug|Any CPU = Debug|Any CPU
		Release|Any CPU = Release|Any CPU
	EndGlobalSection
	GlobalSection(ProjectConfigurationPlatforms) = postSolution
		{77B86155-7B40-46D4-8036-6B936B27946D}.Debug|Any CPU.ActiveCfg = Debug|Any CPU
		{77B86155-7B40-46D4-8036-6B936B27946D}.Debug|Any CPU.Build.0 = Debug|Any CPU
		{77B86155-7B40-46D4-8036-6B936B27946D}.Release|Any CPU.ActiveCfg = Release|Any CPU
		{77B86155-7B40-46D4-8036-6B936B27946D}.Release|Any CPU.Build.0 = Release|Any CPU
	EndGlobalSection
	GlobalSection(SolutionProperties) = preSolution
		HideSolutionNode = FALSE
	EndGlobalSection
	GlobalSection(NestedProjects) = preSolution
		{77B86155-7B40-46D4-8036-6B936B27946D} = {044E25FD-D499-4F3E-B754-D8213C70272B}
	EndGlobalSection
	GlobalSection(ExtensibilityGlobals) = postSolution
		SolutionGuid = {03EBDCA4-3EEB-4430-9D1F-BB76ADE05BBF}
	EndGlobalSection
EndGlobal
